
Microsoft Visual Studio Solution File, Format Version 12.00
# Visual Studio Version 17
VisualStudioVersion = 17.6.33815.320
MinimumVisualStudioVersion = 10.0.40219.1
Project("{FAE04EC0-301F-11D3-BF4B-00C04F79EFBC}") = "delegatenumberformatter", "delegatenumberformatter.csproj", "{95F4B7F2-4DDD-47C5-94F4-B57AAD38438C}"
EndProject
Global
	GlobalSection(SolutionConfigurationPlatforms) = preSolution
		Debug|Any CPU = Debug|Any CPU
		Release|Any CPU = Release|Any CPU
	EndGlobalSection
	GlobalSection(ProjectConfigurationPlatforms) = postSolution
		{95F4B7F2-4DDD-47C5-94F4-B57AAD38438C}.Debug|Any CPU.ActiveCfg = Debug|Any CPU
		{95F4B7F2-4DDD-47C5-94F4-B57AAD38438C}.Debug|Any CPU.Build.0 = Debug|Any CPU
		{95F4B7F2-4DDD-47C5-94F4-B57AAD38438C}.Release|Any CPU.ActiveCfg = Release|Any CPU
		{95F4B7F2-4DDD-47C5-94F4-B57AAD38438C}.Release|Any CPU.Build.0 = Release|Any CPU
	EndGlobalSection
	GlobalSection(SolutionProperties) = preSolution
		HideSolutionNode = FALSE
	EndGlobalSection
	GlobalSection(ExtensibilityGlobals) = postSolution
		SolutionGuid = {A471C480-3F73-4B21-A2FB-414E8043C3E8}
	EndGlobalSection
EndGlobal
