
Microsoft Visual Studio Solution File, Format Version 12.00
# Visual Studio Version 17
VisualStudioVersion = 17.6.33815.320
MinimumVisualStudioVersion = 10.0.40219.1
Project("{FAE04EC0-301F-11D3-BF4B-00C04F79EFBC}") = "ThreadsDemo", "ThreadsDemo.csproj", "{F0BCFCE5-74F1-45FE-9D6B-1201D5413F8A}"
EndProject
Global
	GlobalSection(SolutionConfigurationPlatforms) = preSolution
		Debug|Any CPU = Debug|Any CPU
		Release|Any CPU = Release|Any CPU
	EndGlobalSection
	GlobalSection(ProjectConfigurationPlatforms) = postSolution
		{F0BCFCE5-74F1-45FE-9D6B-1201D5413F8A}.Debug|Any CPU.ActiveCfg = Debug|Any CPU
		{F0BCFCE5-74F1-45FE-9D6B-1201D5413F8A}.Debug|Any CPU.Build.0 = Debug|Any CPU
		{F0BCFCE5-74F1-45FE-9D6B-1201D5413F8A}.Release|Any CPU.ActiveCfg = Release|Any CPU
		{F0BCFCE5-74F1-45FE-9D6B-1201D5413F8A}.Release|Any CPU.Build.0 = Release|Any CPU
	EndGlobalSection
	GlobalSection(SolutionProperties) = preSolution
		HideSolutionNode = FALSE
	EndGlobalSection
	GlobalSection(ExtensibilityGlobals) = postSolution
		SolutionGuid = {4C2B6DC0-2315-4A26-9BC2-7E4F726A8472}
	EndGlobalSection
EndGlobal
