
Microsoft Visual Studio Solution File, Format Version 12.00
# Visual Studio Version 17
VisualStudioVersion = 17.6.33815.320
MinimumVisualStudioVersion = 10.0.40219.1
Project("{FAE04EC0-301F-11D3-BF4B-00C04F79EFBC}") = "string", "string.csproj", "{EE1DC40C-7091-4E36-9680-27188A84ED14}"
EndProject
Global
	GlobalSection(SolutionConfigurationPlatforms) = preSolution
		Debug|Any CPU = Debug|Any CPU
		Release|Any CPU = Release|Any CPU
	EndGlobalSection
	GlobalSection(ProjectConfigurationPlatforms) = postSolution
		{EE1DC40C-7091-4E36-9680-27188A84ED14}.Debug|Any CPU.ActiveCfg = Debug|Any CPU
		{EE1DC40C-7091-4E36-9680-27188A84ED14}.Debug|Any CPU.Build.0 = Debug|Any CPU
		{EE1DC40C-7091-4E36-9680-27188A84ED14}.Release|Any CPU.ActiveCfg = Release|Any CPU
		{EE1DC40C-7091-4E36-9680-27188A84ED14}.Release|Any CPU.Build.0 = Release|Any CPU
	EndGlobalSection
	GlobalSection(SolutionProperties) = preSolution
		HideSolutionNode = FALSE
	EndGlobalSection
	GlobalSection(ExtensibilityGlobals) = postSolution
		SolutionGuid = {3F8494DC-A935-4255-8033-F9A2933BEF8D}
	EndGlobalSection
EndGlobal
