
Microsoft Visual Studio Solution File, Format Version 12.00
# Visual Studio Version 17
VisualStudioVersion = 17.6.33815.320
MinimumVisualStudioVersion = 10.0.40219.1
Project("{FAE04EC0-301F-11D3-BF4B-00C04F79EFBC}") = "RacerWebApi", "RacerWebApi.csproj", "{05FB2D54-2078-4B71-9E51-042C41F36887}"
EndProject
Global
	GlobalSection(SolutionConfigurationPlatforms) = preSolution
		Debug|Any CPU = Debug|Any CPU
		Release|Any CPU = Release|Any CPU
	EndGlobalSection
	GlobalSection(ProjectConfigurationPlatforms) = postSolution
		{05FB2D54-2078-4B71-9E51-042C41F36887}.Debug|Any CPU.ActiveCfg = Debug|Any CPU
		{05FB2D54-2078-4B71-9E51-042C41F36887}.Debug|Any CPU.Build.0 = Debug|Any CPU
		{05FB2D54-2078-4B71-9E51-042C41F36887}.Release|Any CPU.ActiveCfg = Release|Any CPU
		{05FB2D54-2078-4B71-9E51-042C41F36887}.Release|Any CPU.Build.0 = Release|Any CPU
	EndGlobalSection
	GlobalSection(SolutionProperties) = preSolution
		HideSolutionNode = FALSE
	EndGlobalSection
	GlobalSection(ExtensibilityGlobals) = postSolution
		SolutionGuid = {FEADA74E-1647-4E70-AD6F-D1CB1A4122A4}
	EndGlobalSection
EndGlobal
