
Microsoft Visual Studio Solution File, Format Version 12.00
# Visual Studio Version 17
VisualStudioVersion = 17.6.33815.320
MinimumVisualStudioVersion = 10.0.40219.1
Project("{FAE04EC0-301F-11D3-BF4B-00C04F79EFBC}") = "methodsdemo", "methodsdemo.csproj", "{5E487E30-AB64-4E95-A8F5-329A126585CF}"
EndProject
Global
	GlobalSection(SolutionConfigurationPlatforms) = preSolution
		Debug|Any CPU = Debug|Any CPU
		Release|Any CPU = Release|Any CPU
	EndGlobalSection
	GlobalSection(ProjectConfigurationPlatforms) = postSolution
		{5E487E30-AB64-4E95-A8F5-329A126585CF}.Debug|Any CPU.ActiveCfg = Debug|Any CPU
		{5E487E30-AB64-4E95-A8F5-329A126585CF}.Debug|Any CPU.Build.0 = Debug|Any CPU
		{5E487E30-AB64-4E95-A8F5-329A126585CF}.Release|Any CPU.ActiveCfg = Release|Any CPU
		{5E487E30-AB64-4E95-A8F5-329A126585CF}.Release|Any CPU.Build.0 = Release|Any CPU
	EndGlobalSection
	GlobalSection(SolutionProperties) = preSolution
		HideSolutionNode = FALSE
	EndGlobalSection
	GlobalSection(ExtensibilityGlobals) = postSolution
		SolutionGuid = {57EFE47B-B882-4B75-8ACC-8FC131C3A012}
	EndGlobalSection
EndGlobal
