
Microsoft Visual Studio Solution File, Format Version 12.00
# Visual Studio Version 17
VisualStudioVersion = 17.6.33815.320
MinimumVisualStudioVersion = 10.0.40219.1
Project("{FAE04EC0-301F-11D3-BF4B-00C04F79EFBC}") = "alphabecticalor", "alphabecticalor.csproj", "{CE34022E-9167-49DE-A75A-85D39B3948BD}"
EndProject
Global
	GlobalSection(SolutionConfigurationPlatforms) = preSolution
		Debug|Any CPU = Debug|Any CPU
		Release|Any CPU = Release|Any CPU
	EndGlobalSection
	GlobalSection(ProjectConfigurationPlatforms) = postSolution
		{CE34022E-9167-49DE-A75A-85D39B3948BD}.Debug|Any CPU.ActiveCfg = Debug|Any CPU
		{CE34022E-9167-49DE-A75A-85D39B3948BD}.Debug|Any CPU.Build.0 = Debug|Any CPU
		{CE34022E-9167-49DE-A75A-85D39B3948BD}.Release|Any CPU.ActiveCfg = Release|Any CPU
		{CE34022E-9167-49DE-A75A-85D39B3948BD}.Release|Any CPU.Build.0 = Release|Any CPU
	EndGlobalSection
	GlobalSection(SolutionProperties) = preSolution
		HideSolutionNode = FALSE
	EndGlobalSection
	GlobalSection(ExtensibilityGlobals) = postSolution
		SolutionGuid = {4595639A-B407-448F-A5A6-192B6980A00C}
	EndGlobalSection
EndGlobal
