
Microsoft Visual Studio Solution File, Format Version 12.00
# Visual Studio Version 17
VisualStudioVersion = 17.6.33815.320
MinimumVisualStudioVersion = 10.0.40219.1
Project("{FAE04EC0-301F-11D3-BF4B-00C04F79EFBC}") = "CollectionDemo", "CollectionDemo.csproj", "{FD4650C1-ACCA-4C19-AD60-11679959D64F}"
EndProject
Global
	GlobalSection(SolutionConfigurationPlatforms) = preSolution
		Debug|Any CPU = Debug|Any CPU
		Release|Any CPU = Release|Any CPU
	EndGlobalSection
	GlobalSection(ProjectConfigurationPlatforms) = postSolution
		{FD4650C1-ACCA-4C19-AD60-11679959D64F}.Debug|Any CPU.ActiveCfg = Debug|Any CPU
		{FD4650C1-ACCA-4C19-AD60-11679959D64F}.Debug|Any CPU.Build.0 = Debug|Any CPU
		{FD4650C1-ACCA-4C19-AD60-11679959D64F}.Release|Any CPU.ActiveCfg = Release|Any CPU
		{FD4650C1-ACCA-4C19-AD60-11679959D64F}.Release|Any CPU.Build.0 = Release|Any CPU
	EndGlobalSection
	GlobalSection(SolutionProperties) = preSolution
		HideSolutionNode = FALSE
	EndGlobalSection
	GlobalSection(ExtensibilityGlobals) = postSolution
		SolutionGuid = {D219B38B-DFA6-43A5-AFA7-7A1A40B2CC97}
	EndGlobalSection
EndGlobal
