
Microsoft Visual Studio Solution File, Format Version 12.00
# Visual Studio Version 17
VisualStudioVersion = 17.6.33815.320
MinimumVisualStudioVersion = 10.0.40219.1
Project("{FAE04EC0-301F-11D3-BF4B-00C04F79EFBC}") = "Sportz Club Management", "Sportz Club Management.csproj", "{A64B6400-ADE1-4469-A5A3-6DE305063733}"
EndProject
Global
	GlobalSection(SolutionConfigurationPlatforms) = preSolution
		Debug|Any CPU = Debug|Any CPU
		Release|Any CPU = Release|Any CPU
	EndGlobalSection
	GlobalSection(ProjectConfigurationPlatforms) = postSolution
		{A64B6400-ADE1-4469-A5A3-6DE305063733}.Debug|Any CPU.ActiveCfg = Debug|Any CPU
		{A64B6400-ADE1-4469-A5A3-6DE305063733}.Debug|Any CPU.Build.0 = Debug|Any CPU
		{A64B6400-ADE1-4469-A5A3-6DE305063733}.Release|Any CPU.ActiveCfg = Release|Any CPU
		{A64B6400-ADE1-4469-A5A3-6DE305063733}.Release|Any CPU.Build.0 = Release|Any CPU
	EndGlobalSection
	GlobalSection(SolutionProperties) = preSolution
		HideSolutionNode = FALSE
	EndGlobalSection
	GlobalSection(ExtensibilityGlobals) = postSolution
		SolutionGuid = {3963E4CE-D893-4737-A387-EF132BCC3814}
	EndGlobalSection
EndGlobal
